
Microsoft Visual Studio Solution File, Format Version 12.00
# Visual Studio Version 17
VisualStudioVersion = 17.9.34616.47
MinimumVisualStudioVersion = 10.0.40219.1
Project("{2150E333-8FDC-42A3-9474-1A3956D46DE8}") = "Src", "Src", "{46440DC4-FEF0-4920-B63A-63F29F329B51}"
EndProject
Project("{FAE04EC0-301F-11D3-BF4B-00C04F79EFBC}") = "ContactBook.Core", "Src\ContactBook.Core\ContactBook.Core.csproj", "{07FD78AE-EADF-4645-88E8-2DC724BA1187}"
EndProject
Project("{FAE04EC0-301F-11D3-BF4B-00C04F79EFBC}") = "ContactBook.Infrastructure", "Src\ContactBook.Infrastructure\ContactBook.Infrastructure.csproj", "{1971E4F1-EA27-424B-B632-33B9BB968ED7}"
EndProject
Project("{FAE04EC0-301F-11D3-BF4B-00C04F79EFBC}") = "ContactBook.API", "Src\ContactBook.API\ContactBook.API.csproj", "{AE6C6550-3B63-47D4-8C5C-86578110FA7A}"
EndProject
Global
	GlobalSection(SolutionConfigurationPlatforms) = preSolution
		Debug|Any CPU = Debug|Any CPU
		Release|Any CPU = Release|Any CPU
	EndGlobalSection
	GlobalSection(ProjectConfigurationPlatforms) = postSolution
		{07FD78AE-EADF-4645-88E8-2DC724BA1187}.Debug|Any CPU.ActiveCfg = Debug|Any CPU
		{07FD78AE-EADF-4645-88E8-2DC724BA1187}.Debug|Any CPU.Build.0 = Debug|Any CPU
		{07FD78AE-EADF-4645-88E8-2DC724BA1187}.Release|Any CPU.ActiveCfg = Release|Any CPU
		{07FD78AE-EADF-4645-88E8-2DC724BA1187}.Release|Any CPU.Build.0 = Release|Any CPU
		{1971E4F1-EA27-424B-B632-33B9BB968ED7}.Debug|Any CPU.ActiveCfg = Debug|Any CPU
		{1971E4F1-EA27-424B-B632-33B9BB968ED7}.Debug|Any CPU.Build.0 = Debug|Any CPU
		{1971E4F1-EA27-424B-B632-33B9BB968ED7}.Release|Any CPU.ActiveCfg = Release|Any CPU
		{1971E4F1-EA27-424B-B632-33B9BB968ED7}.Release|Any CPU.Build.0 = Release|Any CPU
		{AE6C6550-3B63-47D4-8C5C-86578110FA7A}.Debug|Any CPU.ActiveCfg = Debug|Any CPU
		{AE6C6550-3B63-47D4-8C5C-86578110FA7A}.Debug|Any CPU.Build.0 = Debug|Any CPU
		{AE6C6550-3B63-47D4-8C5C-86578110FA7A}.Release|Any CPU.ActiveCfg = Release|Any CPU
		{AE6C6550-3B63-47D4-8C5C-86578110FA7A}.Release|Any CPU.Build.0 = Release|Any CPU
	EndGlobalSection
	GlobalSection(SolutionProperties) = preSolution
		HideSolutionNode = FALSE
	EndGlobalSection
	GlobalSection(NestedProjects) = preSolution
		{07FD78AE-EADF-4645-88E8-2DC724BA1187} = {46440DC4-FEF0-4920-B63A-63F29F329B51}
		{1971E4F1-EA27-424B-B632-33B9BB968ED7} = {46440DC4-FEF0-4920-B63A-63F29F329B51}
		{AE6C6550-3B63-47D4-8C5C-86578110FA7A} = {46440DC4-FEF0-4920-B63A-63F29F329B51}
	EndGlobalSection
	GlobalSection(ExtensibilityGlobals) = postSolution
		SolutionGuid = {A60FAB7E-11B7-4A19-9D25-F0EC570D871B}
	EndGlobalSection
EndGlobal
